{
  "name": "dat251-group-c",
  "lockfileVersion": 3,
  "requires": true,
  "packages": {
    "": {
      "dependencies": {
        "@skeletonlabs/skeleton": "^4.12.1",
        "@skeletonlabs/tw-plugin": "^0.4.1"
      }
    },
    "node_modules/@skeletonlabs/skeleton": {
      "version": "4.12.1",
      "resolved": "https://registry.npmjs.org/@skeletonlabs/skeleton/-/skeleton-4.12.1.tgz",
      "integrity": "sha512-Zc2AVcQshkoJemL+B9WD7eporxkQSlQVahmnRFGHzhKdwF3b7h8YE+0Dvb3gmYK1FGbeAifoi2s9mBIi1YnPZw==",
      "license": "MIT",
      "peerDependencies": {
        "tailwindcss": "^4.0.0"
      }
    },
    "node_modules/@skeletonlabs/tw-plugin": {
      "version": "0.4.1",
      "resolved": "https://registry.npmjs.org/@skeletonlabs/tw-plugin/-/tw-plugin-0.4.1.tgz",
      "integrity": "sha512-crrC8BGKis0GNTp7V2HF6mk1ECLUvAxgTTV26LMgt/rV3U6Xd7N7dL5qIL8fE4MTHvpKa1SBsdqsnMbEvATeEg==",
      "license": "MIT",
      "peerDependencies": {
        "tailwindcss": ">=3.0.0"
      }
    },
    "node_modules/tailwindcss": {
      "version": "4.2.1",
      "resolved": "https://registry.npmjs.org/tailwindcss/-/tailwindcss-4.2.1.tgz",
      "integrity": "sha512-/tBrSQ36vCleJkAOsy9kbNTgaxvGbyOamC30PRePTQe/o1MFwEKHQk4Cn7BNGaPtjp+PuUrByJehM1hgxfq4sw==",
      "license": "MIT",
      "peer": true
    }
  }
}
